// !$*UTF8*$!
{
	archiveVersion = 1;
	classes = {
	};
	objectVersion = 46;
	objects = {

/* Begin PBXBuildFile section */
		7EDB90B11CB2C242002D07F8 /* main.m in Sources */ = {isa = PBXBuildFile; fileRef = 7EDB90B01CB2C242002D07F8 /* main.m */; };
		7EDB90B41CB2C242002D07F8 /* AppDelegate.m in Sources */ = {isa = PBXBuildFile; fileRef = 7EDB90B31CB2C242002D07F8 /* AppDelegate.m */; };
		7EDB90B71CB2C242002D07F8 /* ConversionViewController.m in Sources */ = {isa = PBXBuildFile; fileRef = 7EDB90B61CB2C242002D07F8 /* ConversionViewController.m */; };
		7EDB90BA1CB2C242002D07F8 /* Main.storyboard in Resources */ = {isa = PBXBuildFile; fileRef = 7EDB90B81CB2C242002D07F8 /* Main.storyboard */; };
		7EDB90BC1CB2C242002D07F8 /* Assets.xcassets in Resources */ = {isa = PBXBuildFile; fileRef = 7EDB90BB1CB2C242002D07F8 /* Assets.xcassets */; };
		7EDB90BF1CB2C242002D07F8 /* LaunchScreen.storyboard in Resources */ = {isa = PBXBuildFile; fileRef = 7EDB90BD1CB2C242002D07F8 /* LaunchScreen.storyboard */; };
		7EDB90CA1CB2C242002D07F8 /* View_demoTests.m in Sources */ = {isa = PBXBuildFile; fileRef = 7EDB90C91CB2C242002D07F8 /* View_demoTests.m */; };
		7EDB90D51CB2C242002D07F8 /* View_demoUITests.m in Sources */ = {isa = PBXBuildFile; fileRef = 7EDB90D41CB2C242002D07F8 /* View_demoUITests.m */; };
/* End PBXBuildFile section */

/* Begin PBXContainerItemProxy section */
		7EDB90C61CB2C242002D07F8 /* PBXContainerItemProxy */ = {
			isa = PBXContainerItemProxy;
			containerPortal = 7EDB90A41CB2C242002D07F8 /* Project object */;
			proxyType = 1;
			remoteGlobalIDString = 7EDB90AB1CB2C242002D07F8;
			remoteInfo = "View demo";
		};
		7EDB90D11CB2C242002D07F8 /* PBXContainerItemProxy */ = {
			isa = PBXContainerItemProxy;
			containerPortal = 7EDB90A41CB2C242002D07F8 /* Project object */;
			proxyType = 1;
			remoteGlobalIDString = 7EDB90AB1CB2C242002D07F8;
			remoteInfo = "View demo";
		};
/* End PBXContainerItemProxy section */

/* Begin PBXFileReference section */
		7EDB90AC1CB2C242002D07F8 /* View demo.app */ = {isa = PBXFileReference; explicitFileType = wrapper.application; includeInIndex = 0; path = "View demo.app"; sourceTree = BUILT_PRODUCTS_DIR; };
		7EDB90B01CB2C242002D07F8 /* main.m */ = {isa = PBXFileReference; lastKnownFileType = sourcecode.c.objc; path = main.m; sourceTree = "<group>"; };
		7EDB90B21CB2C242002D07F8 /* AppDelegate.h */ = {isa = PBXFileReference; lastKnownFileType = sourcecode.c.h; path = AppDelegate.h; sourceTree = "<group>"; };
		7EDB90B31CB2C242002D07F8 /* AppDelegate.m */ = {isa = PBXFileReference; lastKnownFileType = sourcecode.c.objc; path = AppDelegate.m; sourceTree = "<group>"; };
		7EDB90B51CB2C242002D07F8 /* ConversionViewController.h */ = {isa = PBXFileReference; lastKnownFileType = sourcecode.c.h; path = ConversionViewController.h; sourceTree = "<group>"; };
		7EDB90B61CB2C242002D07F8 /* ConversionViewController.m */ = {isa = PBXFileReference; lastKnownFileType = sourcecode.c.objc; path = ConversionViewController.m; sourceTree = "<group>"; };
		7EDB90B91CB2C242002D07F8 /* Base */ = {isa = PBXFileReference; lastKnownFileType = file.storyboard; name = Base; path = Base.lproj/Main.storyboard; sourceTree = "<group>"; };
		7EDB90BB1CB2C242002D07F8 /* Assets.xcassets */ = {isa = PBXFileReference; lastKnownFileType = folder.assetcatalog; path = Assets.xcassets; sourceTree = "<group>"; };
		7EDB90BE1CB2C242002D07F8 /* Base */ = {isa = PBXFileReference; lastKnownFileType = file.storyboard; name = Base; path = Base.lproj/LaunchScreen.storyboard; sourceTree = "<group>"; };
		7EDB90C01CB2C242002D07F8 /* Info.plist */ = {isa = PBXFileReference; lastKnownFileType = text.plist.xml; path = Info.plist; sourceTree = "<group>"; };
		7EDB90C51CB2C242002D07F8 /* View demoTests.xctest */ = {isa = PBXFileReference; explicitFileType = wrapper.cfbundle; includeInIndex = 0; path = "View demoTests.xctest"; sourceTree = BUILT_PRODUCTS_DIR; };
		7EDB90C91CB2C242002D07F8 /* View_demoTests.m */ = {isa = PBXFileReference; lastKnownFileType = sourcecode.c.objc; path = View_demoTests.m; sourceTree = "<group>"; };
		7EDB90CB1CB2C242002D07F8 /* Info.plist */ = {isa = PBXFileReference; lastKnownFileType = text.plist.xml; path = Info.plist; sourceTree = "<group>"; };
		7EDB90D01CB2C242002D07F8 /* View demoUITests.xctest */ = {isa = PBXFileReference; explicitFileType = wrapper.cfbundle; includeInIndex = 0; path = "View demoUITests.xctest"; sourceTree = BUILT_PRODUCTS_DIR; };
		7EDB90D41CB2C242002D07F8 /* View_demoUITests.m */ = {isa = PBXFileReference; lastKnownFileType = sourcecode.c.objc; path = View_demoUITests.m; sourceTree = "<group>"; };
		7EDB90D61CB2C242002D07F8 /* Info.plist */ = {isa = PBXFileReference; lastKnownFileType = text.plist.xml; path = Info.plist; sourceTree = "<group>"; };
/* End PBXFileReference section */

/* Begin PBXFrameworksBuildPhase section */
		7EDB90A91CB2C242002D07F8 /* Frameworks */ = {
			isa = PBXFrameworksBuildPhase;
			buildActionMask = 2147483647;
			files = (
			);
			runOnlyForDeploymentPostprocessing = 0;
		};
		7EDB90C21CB2C242002D07F8 /* Frameworks */ = {
			isa = PBXFrameworksBuildPhase;
			buildActionMask = 2147483647;
			files = (
			);
			runOnlyForDeploymentPostprocessing = 0;
		};
		7EDB90CD1CB2C242002D07F8 /* Frameworks */ = {
			isa = PBXFrameworksBuildPhase;
			buildActionMask = 2147483647;
			files = (
			);
			runOnlyForDeploymentPostprocessing = 0;
		};
/* End PBXFrameworksBuildPhase section */

/* Begin PBXGroup section */
		7EDB90A31CB2C242002D07F8 = {
			isa = PBXGroup;
			children = (
				7EDB90AE1CB2C242002D07F8 /* View demo */,
				7EDB90C81CB2C242002D07F8 /* View demoTests */,
				7EDB90D31CB2C242002D07F8 /* View demoUITests */,
				7EDB90AD1CB2C242002D07F8 /* Products */,
			);
			sourceTree = "<group>";
		};
		7EDB90AD1CB2C242002D07F8 /* Products */ = {
			isa = PBXGroup;
			children = (
				7EDB90AC1CB2C242002D07F8 /* View demo.app */,
				7EDB90C51CB2C242002D07F8 /* View demoTests.xctest */,
				7EDB90D01CB2C242002D07F8 /* View demoUITests.xctest */,
			);
			name = Products;
			sourceTree = "<group>";
		};
		7EDB90AE1CB2C242002D07F8 /* View demo */ = {
			isa = PBXGroup;
			children = (
				7EDB90B21CB2C242002D07F8 /* AppDelegate.h */,
				7EDB90B31CB2C242002D07F8 /* AppDelegate.m */,
				7EDB90B51CB2C242002D07F8 /* ConversionViewController.h */,
				7EDB90B61CB2C242002D07F8 /* ConversionViewController.m */,
				7EDB90B81CB2C242002D07F8 /* Main.storyboard */,
				7EDB90BB1CB2C242002D07F8 /* Assets.xcassets */,
				7EDB90BD1CB2C242002D07F8 /* LaunchScreen.storyboard */,
				7EDB90C01CB2C242002D07F8 /* Info.plist */,
				7EDB90AF1CB2C242002D07F8 /* Supporting Files */,
			);
			path = "View demo";
			sourceTree = "<group>";
		};
		7EDB90AF1CB2C242002D07F8 /* Supporting Files */ = {
			isa = PBXGroup;
			children = (
				7EDB90B01CB2C242002D07F8 /* main.m */,
			);
			name = "Supporting Files";
			sourceTree = "<group>";
		};
		7EDB90C81CB2C242002D07F8 /* View demoTests */ = {
			isa = PBXGroup;
			children = (
				7EDB90C91CB2C242002D07F8 /* View_demoTests.m */,
				7EDB90CB1CB2C242002D07F8 /* Info.plist */,
			);
			path = "View demoTests";
			sourceTree = "<group>";
		};
		7EDB90D31CB2C242002D07F8 /* View demoUITests */ = {
			isa = PBXGroup;
			children = (
				7EDB90D41CB2C242002D07F8 /* View_demoUITests.m */,
				7EDB90D61CB2C242002D07F8 /* Info.plist */,
			);
			path = "View demoUITests";
			sourceTree = "<group>";
		};
/* End PBXGroup section */

/* Begin PBXNativeTarget section */
		7EDB90AB1CB2C242002D07F8 /* View demo */ = {
			isa = PBXNativeTarget;
			buildConfigurationList = 7EDB90D91CB2C242002D07F8 /* Build configuration list for PBXNativeTarget "View demo" */;
			buildPhases = (
				7EDB90A81CB2C242002D07F8 /* Sources */,
				7EDB90A91CB2C242002D07F8 /* Frameworks */,
				7EDB90AA1CB2C242002D07F8 /* Resources */,
			);
			buildRules = (
			);
			dependencies = (
			);
			name = "View demo";
			productName = "View demo";
			productReference = 7EDB90AC1CB2C242002D07F8 /* View demo.app */;
			productType = "com.apple.product-type.application";
		};
		7EDB90C41CB2C242002D07F8 /* View demoTests */ = {
			isa = PBXNativeTarget;
			buildConfigurationList = 7EDB90DC1CB2C242002D07F8 /* Build configuration list for PBXNativeTarget "View demoTests" */;
			buildPhases = (
				7EDB90C11CB2C242002D07F8 /* Sources */,
				7EDB90C21CB2C242002D07F8 /* Frameworks */,
				7EDB90C31CB2C242002D07F8 /* Resources */,
			);
			buildRules = (
			);
			dependencies = (
				7EDB90C71CB2C242002D07F8 /* PBXTargetDependency */,
			);
			name = "View demoTests";
			productName = "View demoTests";
			productReference = 7EDB90C51CB2C242002D07F8 /* View demoTests.xctest */;
			productType = "com.apple.product-type.bundle.unit-test";
		};
		7EDB90CF1CB2C242002D07F8 /* View demoUITests */ = {
			isa = PBXNativeTarget;
			buildConfigurationList = 7EDB90DF1CB2C242002D07F8 /* Build configuration list for PBXNativeTarget "View demoUITests" */;
			buildPhases = (
				7EDB90CC1CB2C242002D07F8 /* Sources */,
				7EDB90CD1CB2C242002D07F8 /* Frameworks */,
				7EDB90CE1CB2C242002D07F8 /* Resources */,
			);
			buildRules = (
			);
			dependencies = (
				7EDB90D21CB2C242002D07F8 /* PBXTargetDependency */,
			);
			name = "View demoUITests";
			productName = "View demoUITests";
			productReference = 7EDB90D01CB2C242002D07F8 /* View demoUITests.xctest */;
			productType = "com.apple.product-type.bundle.ui-testing";
		};
/* End PBXNativeTarget section */

/* Begin PBXProject section */
		7EDB90A41CB2C242002D07F8 /* Project object */ = {
			isa = PBXProject;
			attributes = {
				LastUpgradeCheck = 0730;
				ORGANIZATIONNAME = "Hao Zhou";
				TargetAttributes = {
					7EDB90AB1CB2C242002D07F8 = {
						CreatedOnToolsVersion = 7.3;
					};
					7EDB90C41CB2C242002D07F8 = {
						CreatedOnToolsVersion = 7.3;
						TestTargetID = 7EDB90AB1CB2C242002D07F8;
					};
					7EDB90CF1CB2C242002D07F8 = {
						CreatedOnToolsVersion = 7.3;
						TestTargetID = 7EDB90AB1CB2C242002D07F8;
					};
				};
			};
			buildConfigurationList = 7EDB90A71CB2C242002D07F8 /* Build configuration list for PBXProject "View demo" */;
			compatibilityVersion = "Xcode 3.2";
			developmentRegion = English;
			hasScannedForEncodings = 0;
			knownRegions = (
				en,
				Base,
			);
			mainGroup = 7EDB90A31CB2C242002D07F8;
			productRefGroup = 7EDB90AD1CB2C242002D07F8 /* Products */;
			projectDirPath = "";
			projectRoot = "";
			targets = (
				7EDB90AB1CB2C242002D07F8 /* View demo */,
				7EDB90C41CB2C242002D07F8 /* View demoTests */,
				7EDB90CF1CB2C242002D07F8 /* View demoUITests */,
			);
		};
/* End PBXProject section */

/* Begin PBXResourcesBuildPhase section */
		7EDB90AA1CB2C242002D07F8 /* Resources */ = {
			isa = PBXResourcesBuildPhase;
			buildActionMask = 2147483647;
			files = (
				7EDB90BF1CB2C242002D07F8 /* LaunchScreen.storyboard in Resources */,
				7EDB90BC1CB2C242002D07F8 /* Assets.xcassets in Resources */,
				7EDB90BA1CB2C242002D07F8 /* Main.storyboard in Resources */,
			);
			runOnlyForDeploymentPostprocessing = 0;
		};
		7EDB90C31CB2C242002D07F8 /* Resources */ = {
			isa = PBXResourcesBuildPhase;
			buildActionMask = 2147483647;
			files = (
			);
			runOnlyForDeploymentPostprocessing = 0;
		};
		7EDB90CE1CB2C242002D07F8 /* Resources */ = {
			isa = PBXResourcesBuildPhase;
			buildActionMask = 2147483647;
			files = (
			);
			runOnlyForDeploymentPostprocessing = 0;
		};
/* End PBXResourcesBuildPhase section */

/* Begin PBXSourcesBuildPhase section */
		7EDB90A81CB2C242002D07F8 /* Sources */ = {
			isa = PBXSourcesBuildPhase;
			buildActionMask = 2147483647;
			files = (
				7EDB90B71CB2C242002D07F8 /* ConversionViewController.m in Sources */,
				7EDB90B41CB2C242002D07F8 /* AppDelegate.m in Sources */,
				7EDB90B11CB2C242002D07F8 /* main.m in Sources */,
			);
			runOnlyForDeploymentPostprocessing = 0;
		};
		7EDB90C11CB2C242002D07F8 /* Sources */ = {
			isa = PBXSourcesBuildPhase;
			buildActionMask = 2147483647;
			files = (
				7EDB90CA1CB2C242002D07F8 /* View_demoTests.m in Sources */,
			);
			runOnlyForDeploymentPostprocessing = 0;
		};
		7EDB90CC1CB2C242002D07F8 /* Sources */ = {
			isa = PBXSourcesBuildPhase;
			buildActionMask = 2147483647;
			files = (
				7EDB90D51CB2C242002D07F8 /* View_demoUITests.m in Sources */,
			);
			runOnlyForDeploymentPostprocessing = 0;
		};
/* End PBXSourcesBuildPhase section */

/* Begin PBXTargetDependency section */
		7EDB90C71CB2C242002D07F8 /* PBXTargetDependency */ = {
			isa = PBXTargetDependency;
			target = 7EDB90AB1CB2C242002D07F8 /* View demo */;
			targetProxy = 7EDB90C61CB2C242002D07F8 /* PBXContainerItemProxy */;
		};
		7EDB90D21CB2C242002D07F8 /* PBXTargetDependency */ = {
			isa = PBXTargetDependency;
			target = 7EDB90AB1CB2C242002D07F8 /* View demo */;
			targetProxy = 7EDB90D11CB2C242002D07F8 /* PBXContainerItemProxy */;
		};
/* End PBXTargetDependency section */

/* Begin PBXVariantGroup section */
		7EDB90B81CB2C242002D07F8 /* Main.storyboard */ = {
			isa = PBXVariantGroup;
			children = (
				7EDB90B91CB2C242002D07F8 /* Base */,
			);
			name = Main.storyboard;
			sourceTree = "<group>";
		};
		7EDB90BD1CB2C242002D07F8 /* LaunchScreen.storyboard */ = {
			isa = PBXVariantGroup;
			children = (
				7EDB90BE1CB2C242002D07F8 /* Base */,
			);
			name = LaunchScreen.storyboard;
			sourceTree = "<group>";
		};
/* End PBXVariantGroup section */

/* Begin XCBuildConfiguration section */
		7EDB90D71CB2C242002D07F8 /* Debug */ = {
			isa = XCBuildConfiguration;
			buildSettings = {
				ALWAYS_SEARCH_USER_PATHS = NO;
				CLANG_ANALYZER_NONNULL = YES;
				CLANG_CXX_LANGUAGE_STANDARD = "gnu++0x";
				CLANG_CXX_LIBRARY = "libc++";
				CLANG_ENABLE_MODULES = YES;
				CLANG_ENABLE_OBJC_ARC = YES;
				CLANG_WARN_BOOL_CONVERSION = YES;
				CLANG_WARN_CONSTANT_CONVERSION = YES;
				CLANG_WARN_DIRECT_OBJC_ISA_USAGE = YES_ERROR;
				CLANG_WARN_EMPTY_BODY = YES;
				CLANG_WARN_ENUM_CONVERSION = YES;
				CLANG_WARN_INT_CONVERSION = YES;
				CLANG_WARN_OBJC_ROOT_CLASS = YES_ERROR;
				CLANG_WARN_UNREACHABLE_CODE = YES;
				CLANG_WARN__DUPLICATE_METHOD_MATCH = YES;
				"CODE_SIGN_IDENTITY[sdk=iphoneos*]" = "iPhone Developer";
				COPY_PHASE_STRIP = NO;
				DEBUG_INFORMATION_FORMAT = dwarf;
				ENABLE_STRICT_OBJC_MSGSEND = YES;
				ENABLE_TESTABILITY = YES;
				GCC_C_LANGUAGE_STANDARD = gnu99;
				GCC_DYNAMIC_NO_PIC = NO;
				GCC_NO_COMMON_BLOCKS = YES;
				GCC_OPTIMIZATION_LEVEL = 0;
				GCC_PREPROCESSOR_DEFINITIONS = (
					"DEBUG=1",
					"$(inherited)",
				);
				GCC_WARN_64_TO_32_BIT_CONVERSION = YES;
				GCC_WARN_ABOUT_RETURN_TYPE = YES_ERROR;
				GCC_WARN_UNDECLARED_SELECTOR = YES;
				GCC_WARN_UNINITIALIZED_AUTOS = YES_AGGRESSIVE;
				GCC_WARN_UNUSED_FUNCTION = YES;
				GCC_WARN_UNUSED_VARIABLE = YES;
				IPHONEOS_DEPLOYMENT_TARGET = 9.3;
				MTL_ENABLE_DEBUG_INFO = YES;
				ONLY_ACTIVE_ARCH = YES;
				SDKROOT = iphoneos;
			};
			name = Debug;
		};
		7EDB90D81CB2C242002D07F8 /* Release */ = {
			isa = XCBuildConfiguration;
			buildSettings = {
				ALWAYS_SEARCH_USER_PATHS = NO;
				CLANG_ANALYZER_NONNULL = YES;
				CLANG_CXX_LANGUAGE_STANDARD = "gnu++0x";
				CLANG_CXX_LIBRARY = "libc++";
				CLANG_ENABLE_MODULES = YES;
				CLANG_ENABLE_OBJC_ARC = YES;
				CLANG_WARN_BOOL_CONVERSION = YES;
				CLANG_WARN_CONSTANT_CONVERSION = YES;
				CLANG_WARN_DIRECT_OBJC_ISA_USAGE = YES_ERROR;
				CLANG_WARN_EMPTY_BODY = YES;
				CLANG_WARN_ENUM_CONVERSION = YES;
				CLANG_WARN_INT_CONVERSION = YES;
				CLANG_WARN_OBJC_ROOT_CLASS = YES_ERROR;
				CLANG_WARN_UNREACHABLE_CODE = YES;
				CLANG_WARN__DUPLICATE_METHOD_MATCH = YES;
				"CODE_SIGN_IDENTITY[sdk=iphoneos*]" = "iPhone Developer";
				COPY_PHASE_STRIP = NO;
				DEBUG_INFORMATION_FORMAT = "dwarf-with-dsym";
				ENABLE_NS_ASSERTIONS = NO;
				ENABLE_STRICT_OBJC_MSGSEND = YES;
				GCC_C_LANGUAGE_STANDARD = gnu99;
				GCC_NO_COMMON_BLOCKS = YES;
				GCC_WARN_64_TO_32_BIT_CONVERSION = YES;
				GCC_WARN_ABOUT_RETURN_TYPE = YES_ERROR;
				GCC_WARN_UNDECLARED_SELECTOR = YES;
				GCC_WARN_UNINITIALIZED_AUTOS = YES_AGGRESSIVE;
				GCC_WARN_UNUSED_FUNCTION = YES;
				GCC_WARN_UNUSED_VARIABLE = YES;
				IPHONEOS_DEPLOYMENT_TARGET = 9.3;
				MTL_ENABLE_DEBUG_INFO = NO;
				SDKROOT = iphoneos;
				VALIDATE_PRODUCT = YES;
			};
			name = Release;
		};
		7EDB90DA1CB2C242002D07F8 /* Debug */ = {
			isa = XCBuildConfiguration;
			buildSettings = {
				ASSETCATALOG_COMPILER_APPICON_NAME = AppIcon;
				INFOPLIST_FILE = "View demo/Info.plist";
				LD_RUNPATH_SEARCH_PATHS = "$(inherited) @executable_path/Frameworks";
				PRODUCT_BUNDLE_IDENTIFIER = "me.hzhou.View-demo";
				PRODUCT_NAME = "$(TARGET_NAME)";
			};
			name = Debug;
		};
		7EDB90DB1CB2C242002D07F8 /* Release */ = {
			isa = XCBuildConfiguration;
			buildSettings = {
				ASSETCATALOG_COMPILER_APPICON_NAME = AppIcon;
				INFOPLIST_FILE = "View demo/Info.plist";
				LD_RUNPATH_SEARCH_PATHS = "$(inherited) @executable_path/Frameworks";
				PRODUCT_BUNDLE_IDENTIFIER = "me.hzhou.View-demo";
				PRODUCT_NAME = "$(TARGET_NAME)";
			};
			name = Release;
		};
		7EDB90DD1CB2C242002D07F8 /* Debug */ = {
			isa = XCBuildConfiguration;
			buildSettings = {
				BUNDLE_LOADER = "$(TEST_HOST)";
				INFOPLIST_FILE = "View demoTests/Info.plist";
				LD_RUNPATH_SEARCH_PATHS = "$(inherited) @executable_path/Frameworks @loader_path/Frameworks";
				PRODUCT_BUNDLE_IDENTIFIER = "me.hzhou.View-demoTests";
				PRODUCT_NAME = "$(TARGET_NAME)";
				TEST_HOST = "$(BUILT_PRODUCTS_DIR)/View demo.app/View demo";
			};
			name = Debug;
		};
		7EDB90DE1CB2C242002D07F8 /* Release */ = {
			isa = XCBuildConfiguration;
			buildSettings = {
				BUNDLE_LOADER = "$(TEST_HOST)";
				INFOPLIST_FILE = "View demoTests/Info.plist";
				LD_RUNPATH_SEARCH_PATHS = "$(inherited) @executable_path/Frameworks @loader_path/Frameworks";
				PRODUCT_BUNDLE_IDENTIFIER = "me.hzhou.View-demoTests";
				PRODUCT_NAME = "$(TARGET_NAME)";
				TEST_HOST = "$(BUILT_PRODUCTS_DIR)/View demo.app/View demo";
			};
			name = Release;
		};
		7EDB90E01CB2C242002D07F8 /* Debug */ = {
			isa = XCBuildConfiguration;
			buildSettings = {
				INFOPLIST_FILE = "View demoUITests/Info.plist";
				LD_RUNPATH_SEARCH_PATHS = "$(inherited) @executable_path/Frameworks @loader_path/Frameworks";
				PRODUCT_BUNDLE_IDENTIFIER = "me.hzhou.View-demoUITests";
				PRODUCT_NAME = "$(TARGET_NAME)";
				TEST_TARGET_NAME = "View demo";
			};
			name = Debug;
		};
		7EDB90E11CB2C242002D07F8 /* Release */ = {
			isa = XCBuildConfiguration;
			buildSettings = {
				INFOPLIST_FILE = "View demoUITests/Info.plist";
				LD_RUNPATH_SEARCH_PATHS = "$(inherited) @executable_path/Frameworks @loader_path/Frameworks";
				PRODUCT_BUNDLE_IDENTIFIER = "me.hzhou.View-demoUITests";
				PRODUCT_NAME = "$(TARGET_NAME)";
				TEST_TARGET_NAME = "View demo";
			};
			name = Release;
		};
/* End XCBuildConfiguration section */

/* Begin XCConfigurationList section */
		7EDB90A71CB2C242002D07F8 /* Build configuration list for PBXProject "View demo" */ = {
			isa = XCConfigurationList;
			buildConfigurations = (
				7EDB90D71CB2C242002D07F8 /* Debug */,
				7EDB90D81CB2C242002D07F8 /* Release */,
			);
			defaultConfigurationIsVisible = 0;
			defaultConfigurationName = Release;
		};
		7EDB90D91CB2C242002D07F8 /* Build configuration list for PBXNativeTarget "View demo" */ = {
			isa = XCConfigurationList;
			buildConfigurations = (
				7EDB90DA1CB2C242002D07F8 /* Debug */,
				7EDB90DB1CB2C242002D07F8 /* Release */,
			);
			defaultConfigurationIsVisible = 0;
			defaultConfigurationName = Release;
		};
		7EDB90DC1CB2C242002D07F8 /* Build configuration list for PBXNativeTarget "View demoTests" */ = {
			isa = XCConfigurationList;
			buildConfigurations = (
				7EDB90DD1CB2C242002D07F8 /* Debug */,
				7EDB90DE1CB2C242002D07F8 /* Release */,
			);
			defaultConfigurationIsVisible = 0;
			defaultConfigurationName = Release;
		};
		7EDB90DF1CB2C242002D07F8 /* Build configuration list for PBXNativeTarget "View demoUITests" */ = {
			isa = XCConfigurationList;
			buildConfigurations = (
				7EDB90E01CB2C242002D07F8 /* Debug */,
				7EDB90E11CB2C242002D07F8 /* Release */,
			);
			defaultConfigurationIsVisible = 0;
			defaultConfigurationName = Release;
		};
/* End XCConfigurationList section */
	};
	rootObject = 7EDB90A41CB2C242002D07F8 /* Project object */;
}
